
Microsoft Visual Studio Solution File, Format Version 12.00
# Visual Studio Version 16
VisualStudioVersion = 16.0.30128.74
MinimumVisualStudioVersion = 10.0.40219.1
Project("{FAE04EC0-301F-11D3-BF4B-00C04F79EFBC}") = "Databases Activity", "Databases Activity\Databases Activity.csproj", "{F1911320-B6F0-491A-8C8F-95CDCE5375E5}"
EndProject
Global
	GlobalSection(SolutionConfigurationPlatforms) = preSolution
		Debug|Any CPU = Debug|Any CPU
		Release|Any CPU = Release|Any CPU
	EndGlobalSection
	GlobalSection(ProjectConfigurationPlatforms) = postSolution
		{F1911320-B6F0-491A-8C8F-95CDCE5375E5}.Debug|Any CPU.ActiveCfg = Debug|Any CPU
		{F1911320-B6F0-491A-8C8F-95CDCE5375E5}.Debug|Any CPU.Build.0 = Debug|Any CPU
		{F1911320-B6F0-491A-8C8F-95CDCE5375E5}.Release|Any CPU.ActiveCfg = Release|Any CPU
		{F1911320-B6F0-491A-8C8F-95CDCE5375E5}.Release|Any CPU.Build.0 = Release|Any CPU
	EndGlobalSection
	GlobalSection(SolutionProperties) = preSolution
		HideSolutionNode = FALSE
	EndGlobalSection
	GlobalSection(ExtensibilityGlobals) = postSolution
		SolutionGuid = {07CA59B5-5660-4DF2-8FDF-91D4405CD64D}
	EndGlobalSection
EndGlobal
